
Microsoft Visual Studio Solution File, Format Version 12.00
# Visual Studio Version 16
VisualStudioVersion = 16.0.30804.86
MinimumVisualStudioVersion = 10.0.40219.1
Project("{FAE04EC0-301F-11D3-BF4B-00C04F79EFBC}") = "ClockLibrary", "ClockLibrary.csproj", "{BD7A0B70-C0D9-424B-A620-4811E3877B83}"
EndProject
Global
	GlobalSection(SolutionConfigurationPlatforms) = preSolution
		Debug|Any CPU = Debug|Any CPU
		Release|Any CPU = Release|Any CPU
	EndGlobalSection
	GlobalSection(ProjectConfigurationPlatforms) = postSolution
		{BD7A0B70-C0D9-424B-A620-4811E3877B83}.Debug|Any CPU.ActiveCfg = Debug|Any CPU
		{BD7A0B70-C0D9-424B-A620-4811E3877B83}.Debug|Any CPU.Build.0 = Debug|Any CPU
		{BD7A0B70-C0D9-424B-A620-4811E3877B83}.Release|Any CPU.ActiveCfg = Release|Any CPU
		{BD7A0B70-C0D9-424B-A620-4811E3877B83}.Release|Any CPU.Build.0 = Release|Any CPU
	EndGlobalSection
	GlobalSection(SolutionProperties) = preSolution
		HideSolutionNode = FALSE
	EndGlobalSection
	GlobalSection(ExtensibilityGlobals) = postSolution
		SolutionGuid = {914A3785-6792-49F8-A02D-8F647F708E0C}
	EndGlobalSection
EndGlobal
